
Microsoft Visual Studio Solution File, Format Version 12.00
# Visual Studio Version 17
VisualStudioVersion = 17.2.32630.192
MinimumVisualStudioVersion = 10.0.40219.1
Project("{9A19103F-16F7-4668-BE54-9A1E7A4F7556}") = "ProjectManagment_WEBAPI", "ProjectManagment_WEBAPI\ProjectManagment_WEBAPI.csproj", "{DF6AD0B9-9AF0-4B04-B313-97FB13B38161}"
EndProject
Global
	GlobalSection(SolutionConfigurationPlatforms) = preSolution
		Debug|Any CPU = Debug|Any CPU
		Release|Any CPU = Release|Any CPU
	EndGlobalSection
	GlobalSection(ProjectConfigurationPlatforms) = postSolution
		{DF6AD0B9-9AF0-4B04-B313-97FB13B38161}.Debug|Any CPU.ActiveCfg = Debug|Any CPU
		{DF6AD0B9-9AF0-4B04-B313-97FB13B38161}.Debug|Any CPU.Build.0 = Debug|Any CPU
		{DF6AD0B9-9AF0-4B04-B313-97FB13B38161}.Release|Any CPU.ActiveCfg = Release|Any CPU
		{DF6AD0B9-9AF0-4B04-B313-97FB13B38161}.Release|Any CPU.Build.0 = Release|Any CPU
	EndGlobalSection
	GlobalSection(SolutionProperties) = preSolution
		HideSolutionNode = FALSE
	EndGlobalSection
	GlobalSection(ExtensibilityGlobals) = postSolution
		SolutionGuid = {7DC517E9-2725-41C2-B6F1-54A11AE6D07D}
	EndGlobalSection
EndGlobal
